<?xml version="1.0" encoding="utf-8"?>
<Project ToolsVersion="4.0" xmlns="http://schemas.microsoft.com/developer/msbuild/2003">
  <ItemGroup>
    <Filter Include="Source Files">
      <UniqueIdentifier>{4FC737F1-C7A5-4376-A066-2A32D752A2FF}</UniqueIdentifier>
      <Extensions>cpp;c;cc;cxx;c++;cppm;ixx;def;odl;idl;hpj;bat;asm;asmx</Extensions>
    </Filter>
    <Filter Include="Header Files">
      <UniqueIdentifier>{93995380-89BD-4b04-88EB-625FBE52EBFB}</UniqueIdentifier>
      <Extensions>h;hh;hpp;hxx;h++;hm;inl;inc;ipp;xsd</Extensions>
    </Filter>
    <Filter Include="Resource Files">
      <UniqueIdentifier>{67DA6AB6-F800-4c08-8B7A-83BB121AAD01}</UniqueIdentifier>
      <Extensions>rc;ico;cur;bmp;dlg;rc2;rct;bin;rgs;gif;jpg;jpeg;jpe;resx;tiff;tif;png;wav;mfcribbon-ms</Extensions>
    </Filter>
    <Filter Include="Source Files\GUI">
      <UniqueIdentifier>{c75015a7-117f-4c32-a488-ac02575f35f4}</UniqueIdentifier>
    </Filter>
    <Filter Include="Header Files\GUI">
      <UniqueIdentifier>{8a84d214-151d-4800-bc24-50a2f5c080ab}</UniqueIdentifier>
    </Filter>
    <Filter Include="Source Files\Security">
      <UniqueIdentifier>{67d6292a-96db-4b59-8944-29822365a3e0}</UniqueIdentifier>
    </Filter>
    <Filter Include="Header Files\Security">
      <UniqueIdentifier>{b4ae1829-893e-434d-b224-8a8d0c0b716e}</UniqueIdentifier>
    </Filter>
    <Filter Include="Source Files\Auth">
      <UniqueIdentifier>{6935cb4f-f8f4-4474-aef8-f32c06a8f2f9}</UniqueIdentifier>
    </Filter>
    <Filter Include="Header Files\Auth">
      <UniqueIdentifier>{68a2aaad-1ed5-46da-a1b3-571844a0b00f}</UniqueIdentifier>
    </Filter>
    <Filter Include="Source Files\Injection">
      <UniqueIdentifier>{ced96614-6763-4e5e-85d4-aa674b01d306}</UniqueIdentifier>
    </Filter>
    <Filter Include="Header Files\Injection">
      <UniqueIdentifier>{626a3819-25fa-4ec6-a587-63b96e34de2a}</UniqueIdentifier>
    </Filter>
  </ItemGroup>
  <ItemGroup>
    <ClCompile Include="Anatta.cpp">
      <Filter>Source Files</Filter>
    </ClCompile>
    <ClCompile Include="GUI\GUI.cpp">
      <Filter>Source Files\GUI</Filter>
    </ClCompile>
    <ClCompile Include="Security\Security.cpp">
      <Filter>Source Files\Security</Filter>
    </ClCompile>
    <ClCompile Include="Auth\Auth.cpp">
      <Filter>Source Files\Auth</Filter>
    </ClCompile>
  </ItemGroup>
  <ItemGroup>
    <ClInclude Include="Anatta.h">
      <Filter>Header Files</Filter>
    </ClInclude>
    <ClInclude Include="GUI\GUI.h">
      <Filter>Header Files\GUI</Filter>
    </ClInclude>
    <ClInclude Include="Security\Security.h">
      <Filter>Header Files\Security</Filter>
    </ClInclude>
    <ClInclude Include="Auth\Auth.h">
      <Filter>Header Files\Auth</Filter>
    </ClInclude>
  </ItemGroup>
</Project>